
Microsoft Visual Studio Solution File, Format Version 12.00
# Visual Studio Version 17
VisualStudioVersion = 17.11.35222.181
MinimumVisualStudioVersion = 10.0.40219.1
Project("{2150E333-8FDC-42A3-9474-1A3956D46DE8}") = "Task0", "Task0", "{9DE84432-A152-416C-857E-C4308E4FDD58}"
EndProject
Project("{9A19103F-16F7-4668-BE54-9A1E7A4F7556}") = "Tyuiu.ZhukovaYA.Sprint0.Task0.V0", "Tyuiu.ZhukovaYA.Sprint0.Task0.V0\Tyuiu.ZhukovaYA.Sprint0.Task0.V0.csproj", "{F7754A20-6860-4D0A-954A-B8BC0636B9DC}"
EndProject
Project("{2150E333-8FDC-42A3-9474-1A3956D46DE8}") = "Task1", "Task1", "{1B778B89-6A71-4CE7-8485-9FC1DD1431BA}"
EndProject
Project("{9A19103F-16F7-4668-BE54-9A1E7A4F7556}") = "Tyuiu.ZhukovaYA.Sprint0.Task1.V0", "Tyuiu.ZhukovaYA.Sprint0.Task1.V0\Tyuiu.ZhukovaYA.Sprint0.Task1.V0.csproj", "{89F7ABDC-4D14-40C4-852A-D5C1457AEA7F}"
EndProject
Project("{2150E333-8FDC-42A3-9474-1A3956D46DE8}") = "Task2", "Task2", "{C2D06F75-CAFF-46AB-9A0C-66DB0C4115F7}"
EndProject
Project("{FAE04EC0-301F-11D3-BF4B-00C04F79EFBC}") = "Tyuiu.ZhukovaYA.Sprint0.Task2.V0", "Tyuiu.ZhukovaYA.Sprint0.Task2.V0\Tyuiu.ZhukovaYA.Sprint0.Task2.V0.csproj", "{35DB7FDB-0C84-4C21-99B1-5C9DCB8C73A1}"
EndProject
Project("{FAE04EC0-301F-11D3-BF4B-00C04F79EFBC}") = "Tyuiu.ZhukovaYA.Sprint0.Task2.V0.Lib", "Tyuiu.ZhukovaYA.Sprint0.Task2.V0.Lib\Tyuiu.ZhukovaYA.Sprint0.Task2.V0.Lib.csproj", "{B11A6369-A94D-4B80-973D-75D2A0403001}"
EndProject
Project("{FAE04EC0-301F-11D3-BF4B-00C04F79EFBC}") = "Tyuiu.ZhukovaYA.Sprint0.Task2.V0.Test", "Tyuiu.ZhukovaYA.Sprint0.Task2.V0.Test\Tyuiu.ZhukovaYA.Sprint0.Task2.V0.Test.csproj", "{FA15D304-688D-47D5-9F4D-C5CF5A0D3E2E}"
EndProject
Project("{2150E333-8FDC-42A3-9474-1A3956D46DE8}") = "Task3", "Task3", "{C30868F7-817C-47D2-869A-EED4E4A2E72E}"
EndProject
Project("{FAE04EC0-301F-11D3-BF4B-00C04F79EFBC}") = "Tyuiu.ZhukovaYA.Sprint0.Task3.V0", "Tyuiu.ZhukovaYA.Sprint0.Task3.V0\Tyuiu.ZhukovaYA.Sprint0.Task3.V0.csproj", "{83BFFF8B-7323-4F99-BF4E-6A99BD90D534}"
EndProject
Project("{FAE04EC0-301F-11D3-BF4B-00C04F79EFBC}") = "Tyuiu.ZhukovaYA.Sprint0.Task3.V0.Lib", "Tyuiu.ZhukovaYA.Sprint0.Task3.V0.Lib\Tyuiu.ZhukovaYA.Sprint0.Task3.V0.Lib.csproj", "{3D1A0466-5218-409A-A595-B8BE7E5A7694}"
EndProject
Project("{FAE04EC0-301F-11D3-BF4B-00C04F79EFBC}") = "Tyuiu.ZhukovaYA.Sprint0.Task3.V0.Test", "Tyuiu.ZhukovaYA.Sprint0.Task3.V0.Test\Tyuiu.ZhukovaYA.Sprint0.Task3.V0.Test.csproj", "{E903F6D7-D1F0-40C2-B5E5-E4E1D72CD7FA}"
EndProject
Project("{2150E333-8FDC-42A3-9474-1A3956D46DE8}") = "Task4", "Task4", "{28786B27-E3AE-40BD-99ED-4C5EC788EF3D}"
EndProject
Project("{FAE04EC0-301F-11D3-BF4B-00C04F79EFBC}") = "Tyuiu.ZhukovaYA.Sprint0.Task4.V0", "Tyuiu.ZhukovaYA.Sprint0.Task4.V0\Tyuiu.ZhukovaYA.Sprint0.Task4.V0.csproj", "{86E06280-FC34-453F-981C-1456AF9A402E}"
EndProject
Project("{FAE04EC0-301F-11D3-BF4B-00C04F79EFBC}") = "Tyuiu.ZhukovaYA.Sprint0.Task4.V0.Lib", "Tyuiu.ZhukovaYA.Sprint0.Task4.V0.Lib\Tyuiu.ZhukovaYA.Sprint0.Task4.V0.Lib.csproj", "{46850257-203F-4365-B249-E71017D0C011}"
EndProject
Project("{FAE04EC0-301F-11D3-BF4B-00C04F79EFBC}") = "Tyuiu.ZhukovaYA.Sprint0.Task4.V0.Test", "Tyuiu.ZhukovaYA.Sprint0.Task4.V0.Test\Tyuiu.ZhukovaYA.Sprint0.Task4.V0.Test.csproj", "{2FE28298-BD4D-470C-B815-1EADF03D8948}"
EndProject
Project("{2150E333-8FDC-42A3-9474-1A3956D46DE8}") = "Task5", "Task5", "{0EBC678C-AEAB-4D64-9B87-BDD04BA9D317}"
EndProject
Project("{FAE04EC0-301F-11D3-BF4B-00C04F79EFBC}") = "Tyuiu.ZhukovaYA.Sprint0.Task5.V0", "Tyuiu.ZhukovaYA.Sprint0.Task5.V0\Tyuiu.ZhukovaYA.Sprint0.Task5.V0.csproj", "{70A8601C-C0BC-4C88-B9C9-C1B77289E4B2}"
EndProject
Project("{FAE04EC0-301F-11D3-BF4B-00C04F79EFBC}") = "Tyuiu.ZhukovaYA.Sprint0.Task5.V0.Lib", "Tyuiu.ZhukovaYA.Sprint0.Task5.V0.Lib\Tyuiu.ZhukovaYA.Sprint0.Task5.V0.Lib.csproj", "{A390BB1D-A5E7-460B-96EF-54C4C1E24261}"
EndProject
Project("{FAE04EC0-301F-11D3-BF4B-00C04F79EFBC}") = "Tyuiu.ZhukovaYA.Sprint0.Task5.V0.Test", "Tyuiu.ZhukovaYA.Sprint0.Task5.V0.Test\Tyuiu.ZhukovaYA.Sprint0.Task5.V0.Test.csproj", "{874B0946-1EF8-4C97-A3E4-95F654011BAA}"
EndProject
Project("{2150E333-8FDC-42A3-9474-1A3956D46DE8}") = "Task6", "Task6", "{0FA1C1DE-7674-443A-9CAD-F84C7D30A8AC}"
EndProject
Project("{FAE04EC0-301F-11D3-BF4B-00C04F79EFBC}") = "Tyuiu.ZhukovaYA.Sprint0.Task6.V0", "Tyuiu.ZhukovaYA.Sprint0.Task6.V0\Tyuiu.ZhukovaYA.Sprint0.Task6.V0.csproj", "{71AEEC04-DF30-4524-AB5E-ACB848736462}"
EndProject
Project("{FAE04EC0-301F-11D3-BF4B-00C04F79EFBC}") = "Tyuiu.ZhukovaYA.Sprint0.Task6.V0.Lib", "Tyuiu.ZhukovaYA.Sprint0.Task6.V0.Lab\Tyuiu.ZhukovaYA.Sprint0.Task6.V0.Lib.csproj", "{C9FE52E3-42A1-407F-8C3F-A256DB4311D0}"
EndProject
Project("{FAE04EC0-301F-11D3-BF4B-00C04F79EFBC}") = "Tyuiu.ZhukovaYA.Sprint0.Task6.V0.Test", "Tyuiu.ZhukovaYA.Sprint0.Task6.V0.Test\Tyuiu.ZhukovaYA.Sprint0.Task6.V0.Test.csproj", "{BCEF9962-4995-4213-B51E-3548E1D84D52}"
EndProject
Global
	GlobalSection(SolutionConfigurationPlatforms) = preSolution
		Debug|Any CPU = Debug|Any CPU
		Release|Any CPU = Release|Any CPU
	EndGlobalSection
	GlobalSection(ProjectConfigurationPlatforms) = postSolution
		{F7754A20-6860-4D0A-954A-B8BC0636B9DC}.Debug|Any CPU.ActiveCfg = Debug|Any CPU
		{F7754A20-6860-4D0A-954A-B8BC0636B9DC}.Debug|Any CPU.Build.0 = Debug|Any CPU
		{F7754A20-6860-4D0A-954A-B8BC0636B9DC}.Release|Any CPU.ActiveCfg = Release|Any CPU
		{F7754A20-6860-4D0A-954A-B8BC0636B9DC}.Release|Any CPU.Build.0 = Release|Any CPU
		{89F7ABDC-4D14-40C4-852A-D5C1457AEA7F}.Debug|Any CPU.ActiveCfg = Debug|Any CPU
		{89F7ABDC-4D14-40C4-852A-D5C1457AEA7F}.Debug|Any CPU.Build.0 = Debug|Any CPU
		{89F7ABDC-4D14-40C4-852A-D5C1457AEA7F}.Release|Any CPU.ActiveCfg = Release|Any CPU
		{89F7ABDC-4D14-40C4-852A-D5C1457AEA7F}.Release|Any CPU.Build.0 = Release|Any CPU
		{35DB7FDB-0C84-4C21-99B1-5C9DCB8C73A1}.Debug|Any CPU.ActiveCfg = Debug|Any CPU
		{35DB7FDB-0C84-4C21-99B1-5C9DCB8C73A1}.Debug|Any CPU.Build.0 = Debug|Any CPU
		{35DB7FDB-0C84-4C21-99B1-5C9DCB8C73A1}.Release|Any CPU.ActiveCfg = Release|Any CPU
		{35DB7FDB-0C84-4C21-99B1-5C9DCB8C73A1}.Release|Any CPU.Build.0 = Release|Any CPU
		{B11A6369-A94D-4B80-973D-75D2A0403001}.Debug|Any CPU.ActiveCfg = Debug|Any CPU
		{B11A6369-A94D-4B80-973D-75D2A0403001}.Debug|Any CPU.Build.0 = Debug|Any CPU
		{B11A6369-A94D-4B80-973D-75D2A0403001}.Release|Any CPU.ActiveCfg = Release|Any CPU
		{B11A6369-A94D-4B80-973D-75D2A0403001}.Release|Any CPU.Build.0 = Release|Any CPU
		{FA15D304-688D-47D5-9F4D-C5CF5A0D3E2E}.Debug|Any CPU.ActiveCfg = Debug|Any CPU
		{FA15D304-688D-47D5-9F4D-C5CF5A0D3E2E}.Debug|Any CPU.Build.0 = Debug|Any CPU
		{FA15D304-688D-47D5-9F4D-C5CF5A0D3E2E}.Release|Any CPU.ActiveCfg = Release|Any CPU
		{FA15D304-688D-47D5-9F4D-C5CF5A0D3E2E}.Release|Any CPU.Build.0 = Release|Any CPU
		{83BFFF8B-7323-4F99-BF4E-6A99BD90D534}.Debug|Any CPU.ActiveCfg = Debug|Any CPU
		{83BFFF8B-7323-4F99-BF4E-6A99BD90D534}.Debug|Any CPU.Build.0 = Debug|Any CPU
		{83BFFF8B-7323-4F99-BF4E-6A99BD90D534}.Release|Any CPU.ActiveCfg = Release|Any CPU
		{83BFFF8B-7323-4F99-BF4E-6A99BD90D534}.Release|Any CPU.Build.0 = Release|Any CPU
		{3D1A0466-5218-409A-A595-B8BE7E5A7694}.Debug|Any CPU.ActiveCfg = Debug|Any CPU
		{3D1A0466-5218-409A-A595-B8BE7E5A7694}.Debug|Any CPU.Build.0 = Debug|Any CPU
		{3D1A0466-5218-409A-A595-B8BE7E5A7694}.Release|Any CPU.ActiveCfg = Release|Any CPU
		{3D1A0466-5218-409A-A595-B8BE7E5A7694}.Release|Any CPU.Build.0 = Release|Any CPU
		{E903F6D7-D1F0-40C2-B5E5-E4E1D72CD7FA}.Debug|Any CPU.ActiveCfg = Debug|Any CPU
		{E903F6D7-D1F0-40C2-B5E5-E4E1D72CD7FA}.Debug|Any CPU.Build.0 = Debug|Any CPU
		{E903F6D7-D1F0-40C2-B5E5-E4E1D72CD7FA}.Release|Any CPU.ActiveCfg = Release|Any CPU
		{E903F6D7-D1F0-40C2-B5E5-E4E1D72CD7FA}.Release|Any CPU.Build.0 = Release|Any CPU
		{86E06280-FC34-453F-981C-1456AF9A402E}.Debug|Any CPU.ActiveCfg = Debug|Any CPU
		{86E06280-FC34-453F-981C-1456AF9A402E}.Debug|Any CPU.Build.0 = Debug|Any CPU
		{86E06280-FC34-453F-981C-1456AF9A402E}.Release|Any CPU.ActiveCfg = Release|Any CPU
		{86E06280-FC34-453F-981C-1456AF9A402E}.Release|Any CPU.Build.0 = Release|Any CPU
		{46850257-203F-4365-B249-E71017D0C011}.Debug|Any CPU.ActiveCfg = Debug|Any CPU
		{46850257-203F-4365-B249-E71017D0C011}.Debug|Any CPU.Build.0 = Debug|Any CPU
		{46850257-203F-4365-B249-E71017D0C011}.Release|Any CPU.ActiveCfg = Release|Any CPU
		{46850257-203F-4365-B249-E71017D0C011}.Release|Any CPU.Build.0 = Release|Any CPU
		{2FE28298-BD4D-470C-B815-1EADF03D8948}.Debug|Any CPU.ActiveCfg = Debug|Any CPU
		{2FE28298-BD4D-470C-B815-1EADF03D8948}.Debug|Any CPU.Build.0 = Debug|Any CPU
		{2FE28298-BD4D-470C-B815-1EADF03D8948}.Release|Any CPU.ActiveCfg = Release|Any CPU
		{2FE28298-BD4D-470C-B815-1EADF03D8948}.Release|Any CPU.Build.0 = Release|Any CPU
		{70A8601C-C0BC-4C88-B9C9-C1B77289E4B2}.Debug|Any CPU.ActiveCfg = Debug|Any CPU
		{70A8601C-C0BC-4C88-B9C9-C1B77289E4B2}.Debug|Any CPU.Build.0 = Debug|Any CPU
		{70A8601C-C0BC-4C88-B9C9-C1B77289E4B2}.Release|Any CPU.ActiveCfg = Release|Any CPU
		{70A8601C-C0BC-4C88-B9C9-C1B77289E4B2}.Release|Any CPU.Build.0 = Release|Any CPU
		{A390BB1D-A5E7-460B-96EF-54C4C1E24261}.Debug|Any CPU.ActiveCfg = Debug|Any CPU
		{A390BB1D-A5E7-460B-96EF-54C4C1E24261}.Debug|Any CPU.Build.0 = Debug|Any CPU
		{A390BB1D-A5E7-460B-96EF-54C4C1E24261}.Release|Any CPU.ActiveCfg = Release|Any CPU
		{A390BB1D-A5E7-460B-96EF-54C4C1E24261}.Release|Any CPU.Build.0 = Release|Any CPU
		{874B0946-1EF8-4C97-A3E4-95F654011BAA}.Debug|Any CPU.ActiveCfg = Debug|Any CPU
		{874B0946-1EF8-4C97-A3E4-95F654011BAA}.Debug|Any CPU.Build.0 = Debug|Any CPU
		{874B0946-1EF8-4C97-A3E4-95F654011BAA}.Release|Any CPU.ActiveCfg = Release|Any CPU
		{874B0946-1EF8-4C97-A3E4-95F654011BAA}.Release|Any CPU.Build.0 = Release|Any CPU
		{71AEEC04-DF30-4524-AB5E-ACB848736462}.Debug|Any CPU.ActiveCfg = Debug|Any CPU
		{71AEEC04-DF30-4524-AB5E-ACB848736462}.Debug|Any CPU.Build.0 = Debug|Any CPU
		{71AEEC04-DF30-4524-AB5E-ACB848736462}.Release|Any CPU.ActiveCfg = Release|Any CPU
		{71AEEC04-DF30-4524-AB5E-ACB848736462}.Release|Any CPU.Build.0 = Release|Any CPU
		{C9FE52E3-42A1-407F-8C3F-A256DB4311D0}.Debug|Any CPU.ActiveCfg = Debug|Any CPU
		{C9FE52E3-42A1-407F-8C3F-A256DB4311D0}.Debug|Any CPU.Build.0 = Debug|Any CPU
		{C9FE52E3-42A1-407F-8C3F-A256DB4311D0}.Release|Any CPU.ActiveCfg = Release|Any CPU
		{C9FE52E3-42A1-407F-8C3F-A256DB4311D0}.Release|Any CPU.Build.0 = Release|Any CPU
		{BCEF9962-4995-4213-B51E-3548E1D84D52}.Debug|Any CPU.ActiveCfg = Debug|Any CPU
		{BCEF9962-4995-4213-B51E-3548E1D84D52}.Debug|Any CPU.Build.0 = Debug|Any CPU
		{BCEF9962-4995-4213-B51E-3548E1D84D52}.Release|Any CPU.ActiveCfg = Release|Any CPU
		{BCEF9962-4995-4213-B51E-3548E1D84D52}.Release|Any CPU.Build.0 = Release|Any CPU
	EndGlobalSection
	GlobalSection(SolutionProperties) = preSolution
		HideSolutionNode = FALSE
	EndGlobalSection
	GlobalSection(NestedProjects) = preSolution
		{F7754A20-6860-4D0A-954A-B8BC0636B9DC} = {9DE84432-A152-416C-857E-C4308E4FDD58}
		{89F7ABDC-4D14-40C4-852A-D5C1457AEA7F} = {1B778B89-6A71-4CE7-8485-9FC1DD1431BA}
		{35DB7FDB-0C84-4C21-99B1-5C9DCB8C73A1} = {C2D06F75-CAFF-46AB-9A0C-66DB0C4115F7}
		{B11A6369-A94D-4B80-973D-75D2A0403001} = {C2D06F75-CAFF-46AB-9A0C-66DB0C4115F7}
		{FA15D304-688D-47D5-9F4D-C5CF5A0D3E2E} = {C2D06F75-CAFF-46AB-9A0C-66DB0C4115F7}
		{83BFFF8B-7323-4F99-BF4E-6A99BD90D534} = {C30868F7-817C-47D2-869A-EED4E4A2E72E}
		{3D1A0466-5218-409A-A595-B8BE7E5A7694} = {C30868F7-817C-47D2-869A-EED4E4A2E72E}
		{E903F6D7-D1F0-40C2-B5E5-E4E1D72CD7FA} = {C30868F7-817C-47D2-869A-EED4E4A2E72E}
		{86E06280-FC34-453F-981C-1456AF9A402E} = {28786B27-E3AE-40BD-99ED-4C5EC788EF3D}
		{46850257-203F-4365-B249-E71017D0C011} = {28786B27-E3AE-40BD-99ED-4C5EC788EF3D}
		{2FE28298-BD4D-470C-B815-1EADF03D8948} = {28786B27-E3AE-40BD-99ED-4C5EC788EF3D}
		{70A8601C-C0BC-4C88-B9C9-C1B77289E4B2} = {0EBC678C-AEAB-4D64-9B87-BDD04BA9D317}
		{A390BB1D-A5E7-460B-96EF-54C4C1E24261} = {0EBC678C-AEAB-4D64-9B87-BDD04BA9D317}
		{874B0946-1EF8-4C97-A3E4-95F654011BAA} = {0EBC678C-AEAB-4D64-9B87-BDD04BA9D317}
		{71AEEC04-DF30-4524-AB5E-ACB848736462} = {0FA1C1DE-7674-443A-9CAD-F84C7D30A8AC}
		{C9FE52E3-42A1-407F-8C3F-A256DB4311D0} = {0FA1C1DE-7674-443A-9CAD-F84C7D30A8AC}
		{BCEF9962-4995-4213-B51E-3548E1D84D52} = {0FA1C1DE-7674-443A-9CAD-F84C7D30A8AC}
	EndGlobalSection
	GlobalSection(ExtensibilityGlobals) = postSolution
		SolutionGuid = {EE95E7D6-05D8-49AF-8529-2F47929F8854}
	EndGlobalSection
EndGlobal
